<?xml version="1.0" encoding="utf-8"?>
<Project ToolsVersion="4.0" xmlns="http://schemas.microsoft.com/developer/msbuild/2003">
  <ItemGroup>
    <Filter Include="Gui">
      <UniqueIdentifier>{6AF0870B-D6F9-877C-5F75-9E7CCB7D937C}</UniqueIdentifier>
    </Filter>
    <Filter Include="Gui\CodeGen">
      <UniqueIdentifier>{2E84C917-9A39-420D-232E-3CE48FE23811}</UniqueIdentifier>
    </Filter>
    <Filter Include="Gui\Components">
      <UniqueIdentifier>{3F7FA332-2B4D-9738-14E1-075F004E739D}</UniqueIdentifier>
    </Filter>
    <Filter Include="Gui\Config">
      <UniqueIdentifier>{2F90CD3E-1B48-0F8C-844F-E8E77026AA7C}</UniqueIdentifier>
    </Filter>
    <Filter Include="Gui\NNode">
      <UniqueIdentifier>{CDAFAB40-391A-60B7-8258-115DEE013E0C}</UniqueIdentifier>
    </Filter>
    <Filter Include="Gui\Nodes">
      <UniqueIdentifier>{B299BD40-1E04-72B7-6742-235DD3EB4F0C}</UniqueIdentifier>
    </Filter>
    <Filter Include="Gui\Nodes\Events">
      <UniqueIdentifier>{562993D3-4222-B225-6B54-97AA57AC9131}</UniqueIdentifier>
    </Filter>
    <Filter Include="Gui\Nodes\Methods">
      <UniqueIdentifier>{F5952E87-61AC-2C1D-AA23-B83E1679FDA4}</UniqueIdentifier>
    </Filter>
    <Filter Include="Gui\Nodes\Variables">
      <UniqueIdentifier>{BABBE6DB-261D-C4E9-AF8A-0A9C1BEBFAA8}</UniqueIdentifier>
    </Filter>
    <Filter Include="Gui\Panels">
      <UniqueIdentifier>{7C45235C-68FD-64A9-D104-3E05BDDBFF99}</UniqueIdentifier>
    </Filter>
    <Filter Include="Gui\Stats">
      <UniqueIdentifier>{48C71A41-B431-CFB7-FD6F-805D6919AD0C}</UniqueIdentifier>
    </Filter>
    <Filter Include="Gui\Utils">
      <UniqueIdentifier>{4A193F41-B683-F3B7-FFC1-A45D6B6BD10C}</UniqueIdentifier>
    </Filter>
  </ItemGroup>
  <ItemGroup>
    <ClInclude Include="src\Gui\CodeGen\ClassBuilder.h">
      <Filter>Gui\CodeGen</Filter>
    </ClInclude>
    <ClInclude Include="src\Gui\CodeGen\CodeWriter.h">
      <Filter>Gui\CodeGen</Filter>
    </ClInclude>
    <ClInclude Include="src\Gui\Components\ImGuiEx.h">
      <Filter>Gui\Components</Filter>
    </ClInclude>
    <ClInclude Include="src\Gui\Components\Input.h">
      <Filter>Gui\Components</Filter>
    </ClInclude>
    <ClInclude Include="src\Gui\Components\SearchPopup.h">
      <Filter>Gui\Components</Filter>
    </ClInclude>
    <ClInclude Include="src\Gui\Components\SearchPopupWindow.h">
      <Filter>Gui\Components</Filter>
    </ClInclude>
    <ClInclude Include="src\Gui\Components\Thumbnail.h">
      <Filter>Gui\Components</Filter>
    </ClInclude>
    <ClInclude Include="src\Gui\Components\Toolbar.h">
      <Filter>Gui\Components</Filter>
    </ClInclude>
    <ClInclude Include="src\Gui\Components\UIPayload.h">
      <Filter>Gui\Components</Filter>
    </ClInclude>
    <ClInclude Include="src\Gui\Config\GraphicsConfigPanel.h">
      <Filter>Gui\Config</Filter>
    </ClInclude>
    <ClInclude Include="src\Gui\Config\LayersConfigPanel.h">
      <Filter>Gui\Config</Filter>
    </ClInclude>
    <ClInclude Include="src\Gui\Config\PhysicsConfigPanel.h">
      <Filter>Gui\Config</Filter>
    </ClInclude>
    <ClInclude Include="src\Gui\Config\SceneConfigPanel.h">
      <Filter>Gui\Config</Filter>
    </ClInclude>
    <ClInclude Include="src\Gui\ContentBrowserWindow.h">
      <Filter>Gui</Filter>
    </ClInclude>
    <ClInclude Include="src\Gui\EditorLayer.h">
      <Filter>Gui</Filter>
    </ClInclude>
    <ClInclude Include="src\Gui\EditorUtils.h">
      <Filter>Gui</Filter>
    </ClInclude>
    <ClInclude Include="src\Gui\Gizmo2D.h">
      <Filter>Gui</Filter>
    </ClInclude>
    <ClInclude Include="src\Gui\MainManuBar.h">
      <Filter>Gui</Filter>
    </ClInclude>
    <ClInclude Include="src\Gui\NNode\NGraph.h">
      <Filter>Gui\NNode</Filter>
    </ClInclude>
    <ClInclude Include="src\Gui\NNode\NGraphComponents.h">
      <Filter>Gui\NNode</Filter>
    </ClInclude>
    <ClInclude Include="src\Gui\NNode\NGraphController.h">
      <Filter>Gui\NNode</Filter>
    </ClInclude>
    <ClInclude Include="src\Gui\NNode\NGraphPanel.h">
      <Filter>Gui\NNode</Filter>
    </ClInclude>
    <ClInclude Include="src\Gui\NNode\NGraphRenderer.h">
      <Filter>Gui\NNode</Filter>
    </ClInclude>
    <ClInclude Include="src\Gui\NNode\NGraphSerializer.h">
      <Filter>Gui\NNode</Filter>
    </ClInclude>
    <ClInclude Include="src\Gui\NNode\NGraphStyle.h">
      <Filter>Gui\NNode</Filter>
    </ClInclude>
    <ClInclude Include="src\Gui\NNode\NGraphVerifier.h">
      <Filter>Gui\NNode</Filter>
    </ClInclude>
    <ClInclude Include="src\Gui\NNode\NNodeRegistry.h">
      <Filter>Gui\NNode</Filter>
    </ClInclude>
    <ClInclude Include="src\Gui\Nodes\CodeComponent.h">
      <Filter>Gui\Nodes</Filter>
    </ClInclude>
    <ClInclude Include="src\Gui\Nodes\Events\OnCreateNode.h">
      <Filter>Gui\Nodes\Events</Filter>
    </ClInclude>
    <ClInclude Include="src\Gui\Nodes\Events\SampleEventNode.h">
      <Filter>Gui\Nodes\Events</Filter>
    </ClInclude>
    <ClInclude Include="src\Gui\Nodes\GraphComponents.h">
      <Filter>Gui\Nodes</Filter>
    </ClInclude>
    <ClInclude Include="src\Gui\Nodes\GraphController.h">
      <Filter>Gui\Nodes</Filter>
    </ClInclude>
    <ClInclude Include="src\Gui\Nodes\GraphPanel.h">
      <Filter>Gui\Nodes</Filter>
    </ClInclude>
    <ClInclude Include="src\Gui\Nodes\GraphRenderer.h">
      <Filter>Gui\Nodes</Filter>
    </ClInclude>
    <ClInclude Include="src\Gui\Nodes\GraphSerializer.h">
      <Filter>Gui\Nodes</Filter>
    </ClInclude>
    <ClInclude Include="src\Gui\Nodes\Methods\SampleMethodNode.h">
      <Filter>Gui\Nodes\Methods</Filter>
    </ClInclude>
    <ClInclude Include="src\Gui\Nodes\Methods\SetPositionNode.h">
      <Filter>Gui\Nodes\Methods</Filter>
    </ClInclude>
    <ClInclude Include="src\Gui\Nodes\NodeBuilder.h">
      <Filter>Gui\Nodes</Filter>
    </ClInclude>
    <ClInclude Include="src\Gui\Nodes\NodeGraph.h">
      <Filter>Gui\Nodes</Filter>
    </ClInclude>
    <ClInclude Include="src\Gui\Nodes\Nodes.h">
      <Filter>Gui\Nodes</Filter>
    </ClInclude>
    <ClInclude Include="src\Gui\Nodes\Variables\VariableGetNode.h">
      <Filter>Gui\Nodes\Variables</Filter>
    </ClInclude>
    <ClInclude Include="src\Gui\Nodes\Variables\VariableSetNode.h">
      <Filter>Gui\Nodes\Variables</Filter>
    </ClInclude>
    <ClInclude Include="src\Gui\Panels\SceneHierarchyWindow.h">
      <Filter>Gui\Panels</Filter>
    </ClInclude>
    <ClInclude Include="src\Gui\Panels\ScriptFieldFragment.h">
      <Filter>Gui\Panels</Filter>
    </ClInclude>
    <ClInclude Include="src\Gui\PlayPanel.h">
      <Filter>Gui</Filter>
    </ClInclude>
    <ClInclude Include="src\Gui\SceneViewWindow.h">
      <Filter>Gui</Filter>
    </ClInclude>
    <ClInclude Include="src\Gui\SpriteAnimPanel.h">
      <Filter>Gui</Filter>
    </ClInclude>
    <ClInclude Include="src\Gui\Stats\EditorConfig.h">
      <Filter>Gui\Stats</Filter>
    </ClInclude>
    <ClInclude Include="src\Gui\Utils\EditorResources.h">
      <Filter>Gui\Utils</Filter>
    </ClInclude>
    <ClInclude Include="src\Gui\Utils\Utils.h">
      <Filter>Gui\Utils</Filter>
    </ClInclude>
    <ClInclude Include="src\Gui\Utils\YamlCustomTypesEditor.h">
      <Filter>Gui\Utils</Filter>
    </ClInclude>
    <ClInclude Include="src\Gui\NNode\Exec\ExecTreeBuilder.h" />
  </ItemGroup>
  <ItemGroup>
    <ClCompile Include="src\EditorApplication.cpp" />
    <ClCompile Include="src\Gui\CodeGen\ClassBuilder.cpp">
      <Filter>Gui\CodeGen</Filter>
    </ClCompile>
    <ClCompile Include="src\Gui\CodeGen\CodeWriter.cpp">
      <Filter>Gui\CodeGen</Filter>
    </ClCompile>
    <ClCompile Include="src\Gui\Components\ImGuiEx.cpp">
      <Filter>Gui\Components</Filter>
    </ClCompile>
    <ClCompile Include="src\Gui\Components\Input.cpp">
      <Filter>Gui\Components</Filter>
    </ClCompile>
    <ClCompile Include="src\Gui\Components\SearchPopup.cpp">
      <Filter>Gui\Components</Filter>
    </ClCompile>
    <ClCompile Include="src\Gui\Components\SearchPopupWindow.cpp">
      <Filter>Gui\Components</Filter>
    </ClCompile>
    <ClCompile Include="src\Gui\Components\Thumbnail.cpp">
      <Filter>Gui\Components</Filter>
    </ClCompile>
    <ClCompile Include="src\Gui\Components\Toolbar.cpp">
      <Filter>Gui\Components</Filter>
    </ClCompile>
    <ClCompile Include="src\Gui\Components\UIPayload.cpp">
      <Filter>Gui\Components</Filter>
    </ClCompile>
    <ClCompile Include="src\Gui\Config\GraphicsConfigPanel.cpp">
      <Filter>Gui\Config</Filter>
    </ClCompile>
    <ClCompile Include="src\Gui\Config\LayersConfigPanel.cpp">
      <Filter>Gui\Config</Filter>
    </ClCompile>
    <ClCompile Include="src\Gui\Config\PhysicsConfigPanel.cpp">
      <Filter>Gui\Config</Filter>
    </ClCompile>
    <ClCompile Include="src\Gui\Config\SceneConfigPanel.cpp">
      <Filter>Gui\Config</Filter>
    </ClCompile>
    <ClCompile Include="src\Gui\ContentBrowserWindow.cpp">
      <Filter>Gui</Filter>
    </ClCompile>
    <ClCompile Include="src\Gui\EditorLayer.cpp">
      <Filter>Gui</Filter>
    </ClCompile>
    <ClCompile Include="src\Gui\EditorUtils.cpp">
      <Filter>Gui</Filter>
    </ClCompile>
    <ClCompile Include="src\Gui\Gizmo2D.cpp">
      <Filter>Gui</Filter>
    </ClCompile>
    <ClCompile Include="src\Gui\MainMenuBar.cpp">
      <Filter>Gui</Filter>
    </ClCompile>
    <ClCompile Include="src\Gui\NNode\NGraph.cpp">
      <Filter>Gui\NNode</Filter>
    </ClCompile>
    <ClCompile Include="src\Gui\NNode\NGraphComponents.cpp">
      <Filter>Gui\NNode</Filter>
    </ClCompile>
    <ClCompile Include="src\Gui\NNode\NGraphController.cpp">
      <Filter>Gui\NNode</Filter>
    </ClCompile>
    <ClCompile Include="src\Gui\NNode\NGraphPanel.cpp">
      <Filter>Gui\NNode</Filter>
    </ClCompile>
    <ClCompile Include="src\Gui\NNode\NGraphRenderer.cpp">
      <Filter>Gui\NNode</Filter>
    </ClCompile>
    <ClCompile Include="src\Gui\NNode\NGraphSerializer.cpp">
      <Filter>Gui\NNode</Filter>
    </ClCompile>
    <ClCompile Include="src\Gui\NNode\NGraphStyle.cpp">
      <Filter>Gui\NNode</Filter>
    </ClCompile>
    <ClCompile Include="src\Gui\NNode\NGraphVerifier.cpp">
      <Filter>Gui\NNode</Filter>
    </ClCompile>
    <ClCompile Include="src\Gui\NNode\NNodeRegisrty.cpp">
      <Filter>Gui\NNode</Filter>
    </ClCompile>
    <ClCompile Include="src\Gui\Nodes\CodeComponent.cpp">
      <Filter>Gui\Nodes</Filter>
    </ClCompile>
    <ClCompile Include="src\Gui\Nodes\Events\OnCreateNode.cpp">
      <Filter>Gui\Nodes\Events</Filter>
    </ClCompile>
    <ClCompile Include="src\Gui\Nodes\Events\SampleEventNode.cpp">
      <Filter>Gui\Nodes\Events</Filter>
    </ClCompile>
    <ClCompile Include="src\Gui\Nodes\GraphComponents.cpp">
      <Filter>Gui\Nodes</Filter>
    </ClCompile>
    <ClCompile Include="src\Gui\Nodes\GraphController.cpp">
      <Filter>Gui\Nodes</Filter>
    </ClCompile>
    <ClCompile Include="src\Gui\Nodes\GraphPanel.cpp">
      <Filter>Gui\Nodes</Filter>
    </ClCompile>
    <ClCompile Include="src\Gui\Nodes\GraphRenderer.cpp">
      <Filter>Gui\Nodes</Filter>
    </ClCompile>
    <ClCompile Include="src\Gui\Nodes\GraphSerializer.cpp">
      <Filter>Gui\Nodes</Filter>
    </ClCompile>
    <ClCompile Include="src\Gui\Nodes\Methods\SampleMethodNode.cpp">
      <Filter>Gui\Nodes\Methods</Filter>
    </ClCompile>
    <ClCompile Include="src\Gui\Nodes\Methods\SetPositionNode.cpp">
      <Filter>Gui\Nodes\Methods</Filter>
    </ClCompile>
    <ClCompile Include="src\Gui\Nodes\NodeBuilder.cpp">
      <Filter>Gui\Nodes</Filter>
    </ClCompile>
    <ClCompile Include="src\Gui\Nodes\NodeGraph.cpp">
      <Filter>Gui\Nodes</Filter>
    </ClCompile>
    <ClCompile Include="src\Gui\Nodes\Variables\VariableGetNode.cpp">
      <Filter>Gui\Nodes\Variables</Filter>
    </ClCompile>
    <ClCompile Include="src\Gui\Nodes\Variables\VariableSetNode.cpp">
      <Filter>Gui\Nodes\Variables</Filter>
    </ClCompile>
    <ClCompile Include="src\Gui\Panels\SceneHierarchyWindow.cpp">
      <Filter>Gui\Panels</Filter>
    </ClCompile>
    <ClCompile Include="src\Gui\Panels\ScriptFieldFragment.cpp">
      <Filter>Gui\Panels</Filter>
    </ClCompile>
    <ClCompile Include="src\Gui\PlayPanel.cpp">
      <Filter>Gui</Filter>
    </ClCompile>
    <ClCompile Include="src\Gui\SceneViewWindow.cpp">
      <Filter>Gui</Filter>
    </ClCompile>
    <ClCompile Include="src\Gui\SpriteAnimPanel.cpp">
      <Filter>Gui</Filter>
    </ClCompile>
    <ClCompile Include="src\Gui\Stats\EditorConfig.cpp">
      <Filter>Gui\Stats</Filter>
    </ClCompile>
    <ClCompile Include="src\Gui\Utils\EditorResources.cpp">
      <Filter>Gui\Utils</Filter>
    </ClCompile>
    <ClCompile Include="src\Gui\Utils\YamlCustomTypesEditor.cpp">
      <Filter>Gui\Utils</Filter>
    </ClCompile>
    <ClCompile Include="src\Gui\NNode\Exec\ExecTreeBuilder.cpp" />
  </ItemGroup>
</Project>