
Microsoft Visual Studio Solution File, Format Version 12.00
# Visual Studio Version 16
Project("{8BC9CEB8-8B4A-11D0-8D11-00A0C91BC942}") = "Editor", "Editor\Editor.vcxproj", "{8C1A20B0-78BC-4A86-6177-5EDA4DB8D1D6}"
	ProjectSection(ProjectDependencies) = postProject
		{BBBDE9D1-A75F-14A8-901A-28FC7C5B9BF8} = {BBBDE9D1-A75F-14A8-901A-28FC7C5B9BF8}
		{80FB640D-EC0F-8DBE-B591-301E216589EF} = {80FB640D-EC0F-8DBE-B591-301E216589EF}
	EndProjectSection
EndProject
Project("{8BC9CEB8-8B4A-11D0-8D11-00A0C91BC942}") = "Application", "Application\Application.vcxproj", "{D9DE78AF-4594-F1A4-CE88-EB7B3A3DE8A8}"
	ProjectSection(ProjectDependencies) = postProject
		{BBBDE9D1-A75F-14A8-901A-28FC7C5B9BF8} = {BBBDE9D1-A75F-14A8-901A-28FC7C5B9BF8}
	EndProjectSection
EndProject
Project("{2150E333-8FDC-42A3-9474-1A3956D46DE8}") = "Dependencies", "Dependencies", "{53E47842-3FC8-3998-A828-34EB942B241A}"
EndProject
Project("{8BC9CEB8-8B4A-11D0-8D11-00A0C91BC942}") = "Box2D", "Stimpi\vendor\Box2D\Box2D.vcxproj", "{A434E80C-1049-10BE-D9CA-B31D459E0CEF}"
EndProject
Project("{8BC9CEB8-8B4A-11D0-8D11-00A0C91BC942}") = "GLAD", "GLAD\GLAD.vcxproj", "{5D4A857C-4981-860D-F26D-6C10DE83020F}"
EndProject
Project("{8BC9CEB8-8B4A-11D0-8D11-00A0C91BC942}") = "ImGUI", "ImGUI\ImGUI.vcxproj", "{80FB640D-EC0F-8DBE-B591-301E216589EF}"
EndProject
Project("{8BC9CEB8-8B4A-11D0-8D11-00A0C91BC942}") = "Runtime", "Runtime\Runtime.vcxproj", "{4995DAC4-B574-5960-BE8C-E4362AEBBFC1}"
	ProjectSection(ProjectDependencies) = postProject
		{BBBDE9D1-A75F-14A8-901A-28FC7C5B9BF8} = {BBBDE9D1-A75F-14A8-901A-28FC7C5B9BF8}
	EndProjectSection
EndProject
Project("{2150E333-8FDC-42A3-9474-1A3956D46DE8}") = "Scripting", "Scripting", "{DFCE3520-4B5A-A3E4-546B-26D9C075FFE4}"
EndProject
Project("{FAE04EC0-301F-11D3-BF4B-00C04F79EFBC}") = "Sandbox-Script", "Sandbox-Script\Sandbox-Script.csproj", "{362CB993-22FA-AC99-0B8E-1DC0F7FA88FE}"
	ProjectSection(ProjectDependencies) = postProject
		{46AD663E-B2C3-64D4-FB3A-F0F56790355C} = {46AD663E-B2C3-64D4-FB3A-F0F56790355C}
	EndProjectSection
EndProject
Project("{FAE04EC0-301F-11D3-BF4B-00C04F79EFBC}") = "Stimpi-ScriptCore", "Stimpi-ScriptCore\Stimpi-ScriptCore.csproj", "{46AD663E-B2C3-64D4-FB3A-F0F56790355C}"
EndProject
Project("{8BC9CEB8-8B4A-11D0-8D11-00A0C91BC942}") = "Stimpi", "Stimpi\Stimpi.vcxproj", "{BBBDE9D1-A75F-14A8-901A-28FC7C5B9BF8}"
EndProject
Project("{2150E333-8FDC-42A3-9474-1A3956D46DE8}") = "Tests", "Tests", "{1FCE6517-8B83-DE0C-1478-D8E3802CD510}"
EndProject
Project("{8BC9CEB8-8B4A-11D0-8D11-00A0C91BC942}") = "Testing", "Testing\Testing.vcxproj", "{63FFD639-CFDE-55D5-D8F6-E0AB4455BC36}"
	ProjectSection(ProjectDependencies) = postProject
		{BBBDE9D1-A75F-14A8-901A-28FC7C5B9BF8} = {BBBDE9D1-A75F-14A8-901A-28FC7C5B9BF8}
	EndProjectSection
EndProject
Global
	GlobalSection(SolutionConfigurationPlatforms) = preSolution
		Debug|x64 = Debug|x64
		Dist|x64 = Dist|x64
		Release|x64 = Release|x64
	EndGlobalSection
	GlobalSection(ProjectConfigurationPlatforms) = postSolution
		{8C1A20B0-78BC-4A86-6177-5EDA4DB8D1D6}.Debug|x64.ActiveCfg = Debug|x64
		{8C1A20B0-78BC-4A86-6177-5EDA4DB8D1D6}.Debug|x64.Build.0 = Debug|x64
		{8C1A20B0-78BC-4A86-6177-5EDA4DB8D1D6}.Dist|x64.ActiveCfg = Dist|x64
		{8C1A20B0-78BC-4A86-6177-5EDA4DB8D1D6}.Dist|x64.Build.0 = Dist|x64
		{8C1A20B0-78BC-4A86-6177-5EDA4DB8D1D6}.Release|x64.ActiveCfg = Release|x64
		{8C1A20B0-78BC-4A86-6177-5EDA4DB8D1D6}.Release|x64.Build.0 = Release|x64
		{D9DE78AF-4594-F1A4-CE88-EB7B3A3DE8A8}.Debug|x64.ActiveCfg = Debug|x64
		{D9DE78AF-4594-F1A4-CE88-EB7B3A3DE8A8}.Debug|x64.Build.0 = Debug|x64
		{D9DE78AF-4594-F1A4-CE88-EB7B3A3DE8A8}.Dist|x64.ActiveCfg = Dist|x64
		{D9DE78AF-4594-F1A4-CE88-EB7B3A3DE8A8}.Dist|x64.Build.0 = Dist|x64
		{D9DE78AF-4594-F1A4-CE88-EB7B3A3DE8A8}.Release|x64.ActiveCfg = Release|x64
		{D9DE78AF-4594-F1A4-CE88-EB7B3A3DE8A8}.Release|x64.Build.0 = Release|x64
		{A434E80C-1049-10BE-D9CA-B31D459E0CEF}.Debug|x64.ActiveCfg = Debug|x64
		{A434E80C-1049-10BE-D9CA-B31D459E0CEF}.Debug|x64.Build.0 = Debug|x64
		{A434E80C-1049-10BE-D9CA-B31D459E0CEF}.Dist|x64.ActiveCfg = Dist|x64
		{A434E80C-1049-10BE-D9CA-B31D459E0CEF}.Dist|x64.Build.0 = Dist|x64
		{A434E80C-1049-10BE-D9CA-B31D459E0CEF}.Release|x64.ActiveCfg = Release|x64
		{A434E80C-1049-10BE-D9CA-B31D459E0CEF}.Release|x64.Build.0 = Release|x64
		{5D4A857C-4981-860D-F26D-6C10DE83020F}.Debug|x64.ActiveCfg = Debug|x64
		{5D4A857C-4981-860D-F26D-6C10DE83020F}.Debug|x64.Build.0 = Debug|x64
		{5D4A857C-4981-860D-F26D-6C10DE83020F}.Dist|x64.ActiveCfg = Dist|x64
		{5D4A857C-4981-860D-F26D-6C10DE83020F}.Dist|x64.Build.0 = Dist|x64
		{5D4A857C-4981-860D-F26D-6C10DE83020F}.Release|x64.ActiveCfg = Release|x64
		{5D4A857C-4981-860D-F26D-6C10DE83020F}.Release|x64.Build.0 = Release|x64
		{80FB640D-EC0F-8DBE-B591-301E216589EF}.Debug|x64.ActiveCfg = Debug|x64
		{80FB640D-EC0F-8DBE-B591-301E216589EF}.Debug|x64.Build.0 = Debug|x64
		{80FB640D-EC0F-8DBE-B591-301E216589EF}.Dist|x64.ActiveCfg = Dist|x64
		{80FB640D-EC0F-8DBE-B591-301E216589EF}.Dist|x64.Build.0 = Dist|x64
		{80FB640D-EC0F-8DBE-B591-301E216589EF}.Release|x64.ActiveCfg = Release|x64
		{80FB640D-EC0F-8DBE-B591-301E216589EF}.Release|x64.Build.0 = Release|x64
		{4995DAC4-B574-5960-BE8C-E4362AEBBFC1}.Debug|x64.ActiveCfg = Debug|x64
		{4995DAC4-B574-5960-BE8C-E4362AEBBFC1}.Debug|x64.Build.0 = Debug|x64
		{4995DAC4-B574-5960-BE8C-E4362AEBBFC1}.Dist|x64.ActiveCfg = Dist|x64
		{4995DAC4-B574-5960-BE8C-E4362AEBBFC1}.Dist|x64.Build.0 = Dist|x64
		{4995DAC4-B574-5960-BE8C-E4362AEBBFC1}.Release|x64.ActiveCfg = Release|x64
		{4995DAC4-B574-5960-BE8C-E4362AEBBFC1}.Release|x64.Build.0 = Release|x64
		{362CB993-22FA-AC99-0B8E-1DC0F7FA88FE}.Debug|x64.ActiveCfg = Debug|x64
		{362CB993-22FA-AC99-0B8E-1DC0F7FA88FE}.Debug|x64.Build.0 = Debug|x64
		{362CB993-22FA-AC99-0B8E-1DC0F7FA88FE}.Dist|x64.ActiveCfg = Dist|x64
		{362CB993-22FA-AC99-0B8E-1DC0F7FA88FE}.Dist|x64.Build.0 = Dist|x64
		{362CB993-22FA-AC99-0B8E-1DC0F7FA88FE}.Release|x64.ActiveCfg = Release|x64
		{362CB993-22FA-AC99-0B8E-1DC0F7FA88FE}.Release|x64.Build.0 = Release|x64
		{46AD663E-B2C3-64D4-FB3A-F0F56790355C}.Debug|x64.ActiveCfg = Debug|x64
		{46AD663E-B2C3-64D4-FB3A-F0F56790355C}.Debug|x64.Build.0 = Debug|x64
		{46AD663E-B2C3-64D4-FB3A-F0F56790355C}.Dist|x64.ActiveCfg = Dist|x64
		{46AD663E-B2C3-64D4-FB3A-F0F56790355C}.Dist|x64.Build.0 = Dist|x64
		{46AD663E-B2C3-64D4-FB3A-F0F56790355C}.Release|x64.ActiveCfg = Release|x64
		{46AD663E-B2C3-64D4-FB3A-F0F56790355C}.Release|x64.Build.0 = Release|x64
		{BBBDE9D1-A75F-14A8-901A-28FC7C5B9BF8}.Debug|x64.ActiveCfg = Debug|x64
		{BBBDE9D1-A75F-14A8-901A-28FC7C5B9BF8}.Debug|x64.Build.0 = Debug|x64
		{BBBDE9D1-A75F-14A8-901A-28FC7C5B9BF8}.Dist|x64.ActiveCfg = Dist|x64
		{BBBDE9D1-A75F-14A8-901A-28FC7C5B9BF8}.Dist|x64.Build.0 = Dist|x64
		{BBBDE9D1-A75F-14A8-901A-28FC7C5B9BF8}.Release|x64.ActiveCfg = Release|x64
		{BBBDE9D1-A75F-14A8-901A-28FC7C5B9BF8}.Release|x64.Build.0 = Release|x64
		{63FFD639-CFDE-55D5-D8F6-E0AB4455BC36}.Debug|x64.ActiveCfg = Debug|x64
		{63FFD639-CFDE-55D5-D8F6-E0AB4455BC36}.Debug|x64.Build.0 = Debug|x64
		{63FFD639-CFDE-55D5-D8F6-E0AB4455BC36}.Dist|x64.ActiveCfg = Dist|x64
		{63FFD639-CFDE-55D5-D8F6-E0AB4455BC36}.Dist|x64.Build.0 = Dist|x64
		{63FFD639-CFDE-55D5-D8F6-E0AB4455BC36}.Release|x64.ActiveCfg = Release|x64
		{63FFD639-CFDE-55D5-D8F6-E0AB4455BC36}.Release|x64.Build.0 = Release|x64
	EndGlobalSection
	GlobalSection(SolutionProperties) = preSolution
		HideSolutionNode = FALSE
	EndGlobalSection
	GlobalSection(NestedProjects) = preSolution
		{A434E80C-1049-10BE-D9CA-B31D459E0CEF} = {53E47842-3FC8-3998-A828-34EB942B241A}
		{5D4A857C-4981-860D-F26D-6C10DE83020F} = {53E47842-3FC8-3998-A828-34EB942B241A}
		{80FB640D-EC0F-8DBE-B591-301E216589EF} = {53E47842-3FC8-3998-A828-34EB942B241A}
		{362CB993-22FA-AC99-0B8E-1DC0F7FA88FE} = {DFCE3520-4B5A-A3E4-546B-26D9C075FFE4}
		{46AD663E-B2C3-64D4-FB3A-F0F56790355C} = {DFCE3520-4B5A-A3E4-546B-26D9C075FFE4}
		{63FFD639-CFDE-55D5-D8F6-E0AB4455BC36} = {1FCE6517-8B83-DE0C-1478-D8E3802CD510}
	EndGlobalSection
EndGlobal
