<?xml version="1.0" encoding="utf-8"?>
<Project ToolsVersion="4.0" xmlns="http://schemas.microsoft.com/developer/msbuild/2003">
  <ItemGroup>
    <Filter Include="Stimpi">
      <UniqueIdentifier>{BBBDE9D1-A75F-14A8-901A-28FC7C5B9BF8}</UniqueIdentifier>
    </Filter>
    <Filter Include="Stimpi\Asset">
      <UniqueIdentifier>{8A92C948-76F5-58ED-1F7B-91A30BBD2470}</UniqueIdentifier>
    </Filter>
    <Filter Include="Stimpi\Cmd">
      <UniqueIdentifier>{7E14D307-6ACC-1455-D3D3-EDB0BFAAAF45}</UniqueIdentifier>
    </Filter>
    <Filter Include="Stimpi\Core">
      <UniqueIdentifier>{F3AE3502-5F64-AEF7-E858-A8CE540DA5FB}</UniqueIdentifier>
    </Filter>
    <Filter Include="Stimpi\Debug">
      <UniqueIdentifier>{71E8F748-5D4B-87ED-06D1-BFA3F2125370}</UniqueIdentifier>
    </Filter>
    <Filter Include="Stimpi\Graphics">
      <UniqueIdentifier>{5B28DAE3-C7B3-47A8-D0C4-CA9C3CCFA3A8}</UniqueIdentifier>
    </Filter>
    <Filter Include="Stimpi\Graphics\Animation">
      <UniqueIdentifier>{0A4F754E-7611-A9D8-BFC1-37652BC381B6}</UniqueIdentifier>
    </Filter>
    <Filter Include="Stimpi\Physics">
      <UniqueIdentifier>{2D4CED0A-191A-E110-02AE-5137EE1ABD75}</UniqueIdentifier>
    </Filter>
    <Filter Include="Stimpi\Platform">
      <UniqueIdentifier>{6F9C9464-DB27-0229-E438-851D50435E29}</UniqueIdentifier>
    </Filter>
    <Filter Include="Stimpi\Platform\Windows">
      <UniqueIdentifier>{A9457395-157D-BB2C-1E87-1F508A3DE225}</UniqueIdentifier>
    </Filter>
    <Filter Include="Stimpi\Scene">
      <UniqueIdentifier>{184B064A-04AE-95EE-AD33-CEA499756171}</UniqueIdentifier>
    </Filter>
    <Filter Include="Stimpi\Scene\Assets">
      <UniqueIdentifier>{FA26C238-6688-9F46-EFF5-E5F85B56D605}</UniqueIdentifier>
    </Filter>
    <Filter Include="Stimpi\Scene\Utils">
      <UniqueIdentifier>{783EAE31-6422-6F87-CD82-69DAB9855909}</UniqueIdentifier>
    </Filter>
    <Filter Include="Stimpi\Scripting">
      <UniqueIdentifier>{7DD8F909-69D1-185C-9203-FEE07E5BF867}</UniqueIdentifier>
    </Filter>
    <Filter Include="Stimpi\Utils">
      <UniqueIdentifier>{5BDF334A-4742-C3EE-F0C7-FBA4DC098F71}</UniqueIdentifier>
    </Filter>
  </ItemGroup>
  <ItemGroup>
    <ClInclude Include="src\Stimpi.h" />
    <ClInclude Include="src\Stimpi\Asset\Asset.h">
      <Filter>Stimpi\Asset</Filter>
    </ClInclude>
    <ClInclude Include="src\Stimpi\Asset\AssetImporter.h">
      <Filter>Stimpi\Asset</Filter>
    </ClInclude>
    <ClInclude Include="src\Stimpi\Asset\AssetManager.h">
      <Filter>Stimpi\Asset</Filter>
    </ClInclude>
    <ClInclude Include="src\Stimpi\Asset\AssetManagerBase.h">
      <Filter>Stimpi\Asset</Filter>
    </ClInclude>
    <ClInclude Include="src\Stimpi\Asset\AssetManagerEditor.h">
      <Filter>Stimpi\Asset</Filter>
    </ClInclude>
    <ClInclude Include="src\Stimpi\Asset\AssetManagerRuntime.h">
      <Filter>Stimpi\Asset</Filter>
    </ClInclude>
    <ClInclude Include="src\Stimpi\Asset\AssetMetadata.h">
      <Filter>Stimpi\Asset</Filter>
    </ClInclude>
    <ClInclude Include="src\Stimpi\Asset\SceneImporter.h">
      <Filter>Stimpi\Asset</Filter>
    </ClInclude>
    <ClInclude Include="src\Stimpi\Asset\ShaderImporter.h">
      <Filter>Stimpi\Asset</Filter>
    </ClInclude>
    <ClInclude Include="src\Stimpi\Asset\TextureImporter.h">
      <Filter>Stimpi\Asset</Filter>
    </ClInclude>
    <ClInclude Include="src\Stimpi\Cmd\Command.h">
      <Filter>Stimpi\Cmd</Filter>
    </ClInclude>
    <ClInclude Include="src\Stimpi\Cmd\CommandStack.h">
      <Filter>Stimpi\Cmd</Filter>
    </ClInclude>
    <ClInclude Include="src\Stimpi\Cmd\Commands.h">
      <Filter>Stimpi\Cmd</Filter>
    </ClInclude>
    <ClInclude Include="src\Stimpi\Core\Application.h">
      <Filter>Stimpi\Core</Filter>
    </ClInclude>
    <ClInclude Include="src\Stimpi\Core\Core.h">
      <Filter>Stimpi\Core</Filter>
    </ClInclude>
    <ClInclude Include="src\Stimpi\Core\EntryPoint.h">
      <Filter>Stimpi\Core</Filter>
    </ClInclude>
    <ClInclude Include="src\Stimpi\Core\Event.h">
      <Filter>Stimpi\Core</Filter>
    </ClInclude>
    <ClInclude Include="src\Stimpi\Core\EventQueue.h">
      <Filter>Stimpi\Core</Filter>
    </ClInclude>
    <ClInclude Include="src\Stimpi\Core\InputManager.h">
      <Filter>Stimpi\Core</Filter>
    </ClInclude>
    <ClInclude Include="src\Stimpi\Core\KeyCodes.h">
      <Filter>Stimpi\Core</Filter>
    </ClInclude>
    <ClInclude Include="src\Stimpi\Core\Layer.h">
      <Filter>Stimpi\Core</Filter>
    </ClInclude>
    <ClInclude Include="src\Stimpi\Core\MouseCodes.h">
      <Filter>Stimpi\Core</Filter>
    </ClInclude>
    <ClInclude Include="src\Stimpi\Core\Project.h">
      <Filter>Stimpi\Core</Filter>
    </ClInclude>
    <ClInclude Include="src\Stimpi\Core\ProjectSerializer.h">
      <Filter>Stimpi\Core</Filter>
    </ClInclude>
    <ClInclude Include="src\Stimpi\Core\Runtime.h">
      <Filter>Stimpi\Core</Filter>
    </ClInclude>
    <ClInclude Include="src\Stimpi\Core\Time.h">
      <Filter>Stimpi\Core</Filter>
    </ClInclude>
    <ClInclude Include="src\Stimpi\Core\Timestep.h">
      <Filter>Stimpi\Core</Filter>
    </ClInclude>
    <ClInclude Include="src\Stimpi\Core\UUID.h">
      <Filter>Stimpi\Core</Filter>
    </ClInclude>
    <ClInclude Include="src\Stimpi\Core\Window.h">
      <Filter>Stimpi\Core</Filter>
    </ClInclude>
    <ClInclude Include="src\Stimpi\Core\WindowManager.h">
      <Filter>Stimpi\Core</Filter>
    </ClInclude>
    <ClInclude Include="src\Stimpi\Debug\Profiler.h">
      <Filter>Stimpi\Debug</Filter>
    </ClInclude>
    <ClInclude Include="src\Stimpi\Debug\Statistics.h">
      <Filter>Stimpi\Debug</Filter>
    </ClInclude>
    <ClInclude Include="src\Stimpi\Graphics\Animation\AnimatedSprite.h">
      <Filter>Stimpi\Graphics\Animation</Filter>
    </ClInclude>
    <ClInclude Include="src\Stimpi\Graphics\Animation\Animation.h">
      <Filter>Stimpi\Graphics\Animation</Filter>
    </ClInclude>
    <ClInclude Include="src\Stimpi\Graphics\Animation\AnimationSerializer.h">
      <Filter>Stimpi\Graphics\Animation</Filter>
    </ClInclude>
    <ClInclude Include="src\Stimpi\Graphics\Animation\Sprite.h">
      <Filter>Stimpi\Graphics\Animation</Filter>
    </ClInclude>
    <ClInclude Include="src\Stimpi\Graphics\BufferObject.h">
      <Filter>Stimpi\Graphics</Filter>
    </ClInclude>
    <ClInclude Include="src\Stimpi\Graphics\FrameBuffer.h">
      <Filter>Stimpi\Graphics</Filter>
    </ClInclude>
    <ClInclude Include="src\Stimpi\Graphics\Graphics.h">
      <Filter>Stimpi\Graphics</Filter>
    </ClInclude>
    <ClInclude Include="src\Stimpi\Graphics\OpenGL.h">
      <Filter>Stimpi\Graphics</Filter>
    </ClInclude>
    <ClInclude Include="src\Stimpi\Graphics\OrthoCamera.h">
      <Filter>Stimpi\Graphics</Filter>
    </ClInclude>
    <ClInclude Include="src\Stimpi\Graphics\RenderAPI.h">
      <Filter>Stimpi\Graphics</Filter>
    </ClInclude>
    <ClInclude Include="src\Stimpi\Graphics\RenderCommand.h">
      <Filter>Stimpi\Graphics</Filter>
    </ClInclude>
    <ClInclude Include="src\Stimpi\Graphics\Renderer2D.h">
      <Filter>Stimpi\Graphics</Filter>
    </ClInclude>
    <ClInclude Include="src\Stimpi\Graphics\Shader.h">
      <Filter>Stimpi\Graphics</Filter>
    </ClInclude>
    <ClInclude Include="src\Stimpi\Graphics\SubTexture.h">
      <Filter>Stimpi\Graphics</Filter>
    </ClInclude>
    <ClInclude Include="src\Stimpi\Graphics\Texture.h">
      <Filter>Stimpi\Graphics</Filter>
    </ClInclude>
    <ClInclude Include="src\Stimpi\Graphics\VertexArrayObject.h">
      <Filter>Stimpi\Graphics</Filter>
    </ClInclude>
    <ClInclude Include="src\Stimpi\Log.h">
      <Filter>Stimpi</Filter>
    </ClInclude>
    <ClInclude Include="src\Stimpi\Physics\ContactListener.h">
      <Filter>Stimpi\Physics</Filter>
    </ClInclude>
    <ClInclude Include="src\Stimpi\Physics\Physics.h">
      <Filter>Stimpi\Physics</Filter>
    </ClInclude>
    <ClInclude Include="src\Stimpi\Platform\OpenGLBufferObject.h">
      <Filter>Stimpi\Platform</Filter>
    </ClInclude>
    <ClInclude Include="src\Stimpi\Platform\OpenGLFrameBuffer.h">
      <Filter>Stimpi\Platform</Filter>
    </ClInclude>
    <ClInclude Include="src\Stimpi\Platform\OpenGLRenderAPI.h">
      <Filter>Stimpi\Platform</Filter>
    </ClInclude>
    <ClInclude Include="src\Stimpi\Platform\OpenGLShader.h">
      <Filter>Stimpi\Platform</Filter>
    </ClInclude>
    <ClInclude Include="src\Stimpi\Platform\OpenGLTexture.h">
      <Filter>Stimpi\Platform</Filter>
    </ClInclude>
    <ClInclude Include="src\Stimpi\Platform\OpenGLVertexArrayObject.h">
      <Filter>Stimpi\Platform</Filter>
    </ClInclude>
    <ClInclude Include="src\Stimpi\Scene\Camera.h">
      <Filter>Stimpi\Scene</Filter>
    </ClInclude>
    <ClInclude Include="src\Stimpi\Scene\CameraController.h">
      <Filter>Stimpi\Scene</Filter>
    </ClInclude>
    <ClInclude Include="src\Stimpi\Scene\Component.h">
      <Filter>Stimpi\Scene</Filter>
    </ClInclude>
    <ClInclude Include="src\Stimpi\Scene\Entity.h">
      <Filter>Stimpi\Scene</Filter>
    </ClInclude>
    <ClInclude Include="src\Stimpi\Scene\EntityHierarchy.h">
      <Filter>Stimpi\Scene</Filter>
    </ClInclude>
    <ClInclude Include="src\Stimpi\Scene\EntityManager.h">
      <Filter>Stimpi\Scene</Filter>
    </ClInclude>
    <ClInclude Include="src\Stimpi\Scene\ResourceManager.h">
      <Filter>Stimpi\Scene</Filter>
    </ClInclude>
    <ClInclude Include="src\Stimpi\Scene\Scene.h">
      <Filter>Stimpi\Scene</Filter>
    </ClInclude>
    <ClInclude Include="src\Stimpi\Scene\SceneManager.h">
      <Filter>Stimpi\Scene</Filter>
    </ClInclude>
    <ClInclude Include="src\Stimpi\Scene\SceneSerializer.h">
      <Filter>Stimpi\Scene</Filter>
    </ClInclude>
    <ClInclude Include="src\Stimpi\Scene\ScriptableEntity.h">
      <Filter>Stimpi\Scene</Filter>
    </ClInclude>
    <ClInclude Include="src\Stimpi\Scene\Utils\SceneUtils.h">
      <Filter>Stimpi\Scene\Utils</Filter>
    </ClInclude>
    <ClInclude Include="src\Stimpi\Scripting\ScriptEngine.h">
      <Filter>Stimpi\Scripting</Filter>
    </ClInclude>
    <ClInclude Include="src\Stimpi\Scripting\ScriptGlue.h">
      <Filter>Stimpi\Scripting</Filter>
    </ClInclude>
    <ClInclude Include="src\Stimpi\Scripting\ScriptGlueTypes.h">
      <Filter>Stimpi\Scripting</Filter>
    </ClInclude>
    <ClInclude Include="src\Stimpi\Scripting\ScriptSerializer.h">
      <Filter>Stimpi\Scripting</Filter>
    </ClInclude>
    <ClInclude Include="src\Stimpi\Utils\FilePath.h">
      <Filter>Stimpi\Utils</Filter>
    </ClInclude>
    <ClInclude Include="src\Stimpi\Utils\FileWatcher.h">
      <Filter>Stimpi\Utils</Filter>
    </ClInclude>
    <ClInclude Include="src\Stimpi\Utils\PlatformUtils.h">
      <Filter>Stimpi\Utils</Filter>
    </ClInclude>
    <ClInclude Include="src\Stimpi\Utils\SystemUtils.h">
      <Filter>Stimpi\Utils</Filter>
    </ClInclude>
    <ClInclude Include="src\Stimpi\Utils\ThreadPool.h">
      <Filter>Stimpi\Utils</Filter>
    </ClInclude>
    <ClInclude Include="src\Stimpi\Utils\YamlCustomTypes.h">
      <Filter>Stimpi\Utils</Filter>
    </ClInclude>
    <ClInclude Include="src\stpch.h" />
  </ItemGroup>
  <ItemGroup>
    <ClCompile Include="src\Stimpi\Asset\Asset.cpp">
      <Filter>Stimpi\Asset</Filter>
    </ClCompile>
    <ClCompile Include="src\Stimpi\Asset\AssetImporter.cpp">
      <Filter>Stimpi\Asset</Filter>
    </ClCompile>
    <ClCompile Include="src\Stimpi\Asset\AssetManager.cpp">
      <Filter>Stimpi\Asset</Filter>
    </ClCompile>
    <ClCompile Include="src\Stimpi\Asset\AssetManagerEditor.cpp">
      <Filter>Stimpi\Asset</Filter>
    </ClCompile>
    <ClCompile Include="src\Stimpi\Asset\AssetManagerRuntime.cpp">
      <Filter>Stimpi\Asset</Filter>
    </ClCompile>
    <ClCompile Include="src\Stimpi\Asset\SceneImporter.cpp">
      <Filter>Stimpi\Asset</Filter>
    </ClCompile>
    <ClCompile Include="src\Stimpi\Asset\ShaderImporter.cpp">
      <Filter>Stimpi\Asset</Filter>
    </ClCompile>
    <ClCompile Include="src\Stimpi\Asset\TextureImporter.cpp">
      <Filter>Stimpi\Asset</Filter>
    </ClCompile>
    <ClCompile Include="src\Stimpi\Cmd\CommandStack.cpp">
      <Filter>Stimpi\Cmd</Filter>
    </ClCompile>
    <ClCompile Include="src\Stimpi\Cmd\Commands.cpp">
      <Filter>Stimpi\Cmd</Filter>
    </ClCompile>
    <ClCompile Include="src\Stimpi\Core\Application.cpp">
      <Filter>Stimpi\Core</Filter>
    </ClCompile>
    <ClCompile Include="src\Stimpi\Core\Event.cpp">
      <Filter>Stimpi\Core</Filter>
    </ClCompile>
    <ClCompile Include="src\Stimpi\Core\InputManager.cpp">
      <Filter>Stimpi\Core</Filter>
    </ClCompile>
    <ClCompile Include="src\Stimpi\Core\Layer.cpp">
      <Filter>Stimpi\Core</Filter>
    </ClCompile>
    <ClCompile Include="src\Stimpi\Core\Project.cpp">
      <Filter>Stimpi\Core</Filter>
    </ClCompile>
    <ClCompile Include="src\Stimpi\Core\ProjectSerializer.cpp">
      <Filter>Stimpi\Core</Filter>
    </ClCompile>
    <ClCompile Include="src\Stimpi\Core\Runtime.cpp">
      <Filter>Stimpi\Core</Filter>
    </ClCompile>
    <ClCompile Include="src\Stimpi\Core\Time.cpp">
      <Filter>Stimpi\Core</Filter>
    </ClCompile>
    <ClCompile Include="src\Stimpi\Core\UUID.cpp">
      <Filter>Stimpi\Core</Filter>
    </ClCompile>
    <ClCompile Include="src\Stimpi\Core\Window.cpp">
      <Filter>Stimpi\Core</Filter>
    </ClCompile>
    <ClCompile Include="src\Stimpi\Core\WindowManager.cpp">
      <Filter>Stimpi\Core</Filter>
    </ClCompile>
    <ClCompile Include="src\Stimpi\Debug\Statistics.cpp">
      <Filter>Stimpi\Debug</Filter>
    </ClCompile>
    <ClCompile Include="src\Stimpi\Graphics\Animation\AnimatedSprite.cpp">
      <Filter>Stimpi\Graphics\Animation</Filter>
    </ClCompile>
    <ClCompile Include="src\Stimpi\Graphics\Animation\Animation.cpp">
      <Filter>Stimpi\Graphics\Animation</Filter>
    </ClCompile>
    <ClCompile Include="src\Stimpi\Graphics\Animation\AnimationSerializer.cpp">
      <Filter>Stimpi\Graphics\Animation</Filter>
    </ClCompile>
    <ClCompile Include="src\Stimpi\Graphics\Animation\Sprite.cpp">
      <Filter>Stimpi\Graphics\Animation</Filter>
    </ClCompile>
    <ClCompile Include="src\Stimpi\Graphics\BufferObject.cpp">
      <Filter>Stimpi\Graphics</Filter>
    </ClCompile>
    <ClCompile Include="src\Stimpi\Graphics\FrameBuffer.cpp">
      <Filter>Stimpi\Graphics</Filter>
    </ClCompile>
    <ClCompile Include="src\Stimpi\Graphics\Graphics.cpp">
      <Filter>Stimpi\Graphics</Filter>
    </ClCompile>
    <ClCompile Include="src\Stimpi\Graphics\OpenGL.cpp">
      <Filter>Stimpi\Graphics</Filter>
    </ClCompile>
    <ClCompile Include="src\Stimpi\Graphics\OrthoCamera.cpp">
      <Filter>Stimpi\Graphics</Filter>
    </ClCompile>
    <ClCompile Include="src\Stimpi\Graphics\RenderAPI.cpp">
      <Filter>Stimpi\Graphics</Filter>
    </ClCompile>
    <ClCompile Include="src\Stimpi\Graphics\RenderCommand.cpp">
      <Filter>Stimpi\Graphics</Filter>
    </ClCompile>
    <ClCompile Include="src\Stimpi\Graphics\Renderer2D.cpp">
      <Filter>Stimpi\Graphics</Filter>
    </ClCompile>
    <ClCompile Include="src\Stimpi\Graphics\Shader.cpp">
      <Filter>Stimpi\Graphics</Filter>
    </ClCompile>
    <ClCompile Include="src\Stimpi\Graphics\SubTexture.cpp">
      <Filter>Stimpi\Graphics</Filter>
    </ClCompile>
    <ClCompile Include="src\Stimpi\Graphics\Texture.cpp">
      <Filter>Stimpi\Graphics</Filter>
    </ClCompile>
    <ClCompile Include="src\Stimpi\Graphics\VertexArrayObject.cpp">
      <Filter>Stimpi\Graphics</Filter>
    </ClCompile>
    <ClCompile Include="src\Stimpi\Log.cpp">
      <Filter>Stimpi</Filter>
    </ClCompile>
    <ClCompile Include="src\Stimpi\Physics\ContactListener.cpp">
      <Filter>Stimpi\Physics</Filter>
    </ClCompile>
    <ClCompile Include="src\Stimpi\Physics\Physics.cpp">
      <Filter>Stimpi\Physics</Filter>
    </ClCompile>
    <ClCompile Include="src\Stimpi\Platform\OpenGLBufferObject.cpp">
      <Filter>Stimpi\Platform</Filter>
    </ClCompile>
    <ClCompile Include="src\Stimpi\Platform\OpenGLFrameBuffer.cpp">
      <Filter>Stimpi\Platform</Filter>
    </ClCompile>
    <ClCompile Include="src\Stimpi\Platform\OpenGLRenderAPI.cpp">
      <Filter>Stimpi\Platform</Filter>
    </ClCompile>
    <ClCompile Include="src\Stimpi\Platform\OpenGLShader.cpp">
      <Filter>Stimpi\Platform</Filter>
    </ClCompile>
    <ClCompile Include="src\Stimpi\Platform\OpenGLTexture.cpp">
      <Filter>Stimpi\Platform</Filter>
    </ClCompile>
    <ClCompile Include="src\Stimpi\Platform\OpenGLVertexArrayObject.cpp">
      <Filter>Stimpi\Platform</Filter>
    </ClCompile>
    <ClCompile Include="src\Stimpi\Platform\Windows\WindowsPlatformUtils.cpp">
      <Filter>Stimpi\Platform\Windows</Filter>
    </ClCompile>
    <ClCompile Include="src\Stimpi\Scene\Camera.cpp">
      <Filter>Stimpi\Scene</Filter>
    </ClCompile>
    <ClCompile Include="src\Stimpi\Scene\CameraController.cpp">
      <Filter>Stimpi\Scene</Filter>
    </ClCompile>
    <ClCompile Include="src\Stimpi\Scene\Component.cpp">
      <Filter>Stimpi\Scene</Filter>
    </ClCompile>
    <ClCompile Include="src\Stimpi\Scene\Entity.cpp">
      <Filter>Stimpi\Scene</Filter>
    </ClCompile>
    <ClCompile Include="src\Stimpi\Scene\EntityHierarchy.cpp">
      <Filter>Stimpi\Scene</Filter>
    </ClCompile>
    <ClCompile Include="src\Stimpi\Scene\EntityManager.cpp">
      <Filter>Stimpi\Scene</Filter>
    </ClCompile>
    <ClCompile Include="src\Stimpi\Scene\ResourceManager.cpp">
      <Filter>Stimpi\Scene</Filter>
    </ClCompile>
    <ClCompile Include="src\Stimpi\Scene\Scene.cpp">
      <Filter>Stimpi\Scene</Filter>
    </ClCompile>
    <ClCompile Include="src\Stimpi\Scene\SceneManager.cpp">
      <Filter>Stimpi\Scene</Filter>
    </ClCompile>
    <ClCompile Include="src\Stimpi\Scene\SceneSerializer.cpp">
      <Filter>Stimpi\Scene</Filter>
    </ClCompile>
    <ClCompile Include="src\Stimpi\Scene\Utils\SceneUtils.cpp">
      <Filter>Stimpi\Scene\Utils</Filter>
    </ClCompile>
    <ClCompile Include="src\Stimpi\Scripting\ScriptEngine.cpp">
      <Filter>Stimpi\Scripting</Filter>
    </ClCompile>
    <ClCompile Include="src\Stimpi\Scripting\ScriptGlue.cpp">
      <Filter>Stimpi\Scripting</Filter>
    </ClCompile>
    <ClCompile Include="src\Stimpi\Scripting\ScriptSerializer.cpp">
      <Filter>Stimpi\Scripting</Filter>
    </ClCompile>
    <ClCompile Include="src\Stimpi\Utils\FilePath.cpp">
      <Filter>Stimpi\Utils</Filter>
    </ClCompile>
    <ClCompile Include="src\Stimpi\Utils\FileWatcher.cpp">
      <Filter>Stimpi\Utils</Filter>
    </ClCompile>
    <ClCompile Include="src\Stimpi\Utils\SystemUtils.cpp">
      <Filter>Stimpi\Utils</Filter>
    </ClCompile>
    <ClCompile Include="src\Stimpi\Utils\ThreadPool.cpp">
      <Filter>Stimpi\Utils</Filter>
    </ClCompile>
    <ClCompile Include="src\stpch.cpp" />
  </ItemGroup>
</Project>