<?xml version="1.0" encoding="utf-8"?>
<Project ToolsVersion="4.0" xmlns="http://schemas.microsoft.com/developer/msbuild/2003">
  <ItemGroup>
    <Filter Include="Source Files">
      <UniqueIdentifier>{4FC737F1-C7A5-4376-A066-2A32D752A2FF}</UniqueIdentifier>
      <Extensions>cpp;c;cc;cxx;c++;cppm;ixx;def;odl;idl;hpj;bat;asm;asmx</Extensions>
    </Filter>
  </ItemGroup>
  <ItemGroup>
    <ClCompile Include="src\Stimpi\Core\Engine.cpp">
      <Filter>Source Files</Filter>
    </ClCompile>
    <ClCompile Include="src\Stimpi\Core\EntryPoint.h">
      <Filter>Source Files</Filter>
    </ClCompile>
    <ClCompile Include="src\Stimpi\Core\Application.cpp">
      <Filter>Source Files</Filter>
    </ClCompile>
    <ClCompile Include="src\Stimpi\Log.cpp">
      <Filter>Source Files</Filter>
    </ClCompile>
    <ClCompile Include="src\Stimpi\Core\Layer.cpp">
      <Filter>Source Files</Filter>
    </ClCompile>
    <ClCompile Include="src\Stimpi\Gui\ImGuiLayer.cpp">
      <Filter>Source Files</Filter>
    </ClCompile>
    <ClCompile Include="src\Stimpi\Core\Window.cpp">
      <Filter>Source Files</Filter>
    </ClCompile>
    <ClCompile Include="src\Stimpi\Graphics\OpenGL.cpp">
      <Filter>Source Files</Filter>
    </ClCompile>
    <ClCompile Include="src\Stimpi\Core\Event.cpp">
      <Filter>Source Files</Filter>
    </ClCompile>
    <ClCompile Include="src\Stimpi\Graphics\Shader.cpp">
      <Filter>Source Files</Filter>
    </ClCompile>
    <ClCompile Include="src\Stimpi\Graphics\VertexArrayObject.cpp">
      <Filter>Source Files</Filter>
    </ClCompile>
    <ClCompile Include="src\Stimpi\Graphics\BufferObject.cpp">
      <Filter>Source Files</Filter>
    </ClCompile>
    <ClCompile Include="src\Stimpi\Graphics\Renderer2D.cpp">
      <Filter>Source Files</Filter>
    </ClCompile>
    <ClCompile Include="src\Stimpi\Platform\OpenGLBufferObject.cpp">
      <Filter>Source Files</Filter>
    </ClCompile>
    <ClCompile Include="src\Stimpi\Platform\OpenGLVertexArrayObject.cpp">
      <Filter>Source Files</Filter>
    </ClCompile>
    <ClCompile Include="src\Stimpi\Graphics\FrameBuffer.cpp">
      <Filter>Source Files</Filter>
    </ClCompile>
    <ClCompile Include="src\Stimpi\Platform\OpenGLFrameBuffer.cpp">
      <Filter>Source Files</Filter>
    </ClCompile>
    <ClCompile Include="src\Stimpi\Platform\OpenGLShader.cpp">
      <Filter>Source Files</Filter>
    </ClCompile>
    <ClCompile Include="src\Stimpi\Graphics\Texture.cpp">
      <Filter>Source Files</Filter>
    </ClCompile>
    <ClCompile Include="src\Stimpi\Platform\OpenGLTexture.cpp">
      <Filter>Source Files</Filter>
    </ClCompile>
    <ClCompile Include="src\Stimpi\Graphics\Camera.cpp">
      <Filter>Source Files</Filter>
    </ClCompile>
  </ItemGroup>
  <ItemGroup>
    <ClInclude Include="src\Stimpi\Core\Engine.h">
      <Filter>Source Files</Filter>
    </ClInclude>
    <ClInclude Include="src\Stimpi\Core\Core.h">
      <Filter>Source Files</Filter>
    </ClInclude>
    <ClInclude Include="src\Stimpi\Core\Application.h" />
    <ClInclude Include="src\Stimpi.h" />
    <ClInclude Include="src\Stimpi\Log.h" />
    <ClInclude Include="src\Stimpi\Core\Layer.h" />
    <ClInclude Include="src\Stimpi\Core\Event.h" />
    <ClInclude Include="src\Stimpi\GUI\ImGuiLayer.h" />
    <ClInclude Include="src\Stimpi\Core\Window.h" />
    <ClInclude Include="src\Stimpi\Graphics\OpenGL.h" />
    <ClInclude Include="src\Stimpi\Graphics\Shader.h" />
    <ClInclude Include="src\Stimpi\Graphics\Graphics.h" />
    <ClInclude Include="src\Stimpi\Graphics\VertexArrayObject.h" />
    <ClInclude Include="src\Stimpi\Graphics\BufferObject.h" />
    <ClInclude Include="src\Stimpi\Graphics\Renderer2D.h" />
    <ClInclude Include="src\Stimpi\Platform\OpenGLBufferObject.h" />
    <ClInclude Include="src\Stimpi\Platform\OpenGLVertexArrayObject.h" />
    <ClInclude Include="src\Stimpi\Graphics\FrameBuffer.h" />
    <ClInclude Include="src\Stimpi\Platform\OpenGLFrameBuffer.h" />
    <ClInclude Include="src\Stimpi\Platform\OpenGLShader.h" />
    <ClInclude Include="src\Stimpi\Graphics\Texture.h" />
    <ClInclude Include="src\Stimpi\Platform\OpenGLTexture.h" />
    <ClInclude Include="src\Stimpi\Graphics\Camera.h" />
  </ItemGroup>
  <ItemGroup>
    <None Include="shader.shader" />
  </ItemGroup>
</Project>