<?xml version="1.0" encoding="utf-8"?>
<Project ToolsVersion="4.0" xmlns="http://schemas.microsoft.com/developer/msbuild/2003">
  <ItemGroup>
    <Filter Include="Source Files">
      <UniqueIdentifier>{4FC737F1-C7A5-4376-A066-2A32D752A2FF}</UniqueIdentifier>
      <Extensions>cpp;c;cc;cxx;c++;cppm;ixx;def;odl;idl;hpj;bat;asm;asmx</Extensions>
    </Filter>
  </ItemGroup>
  <ItemGroup>
    <ClCompile Include="src\Stimpi\Core\Engine.cpp">
      <Filter>Source Files</Filter>
    </ClCompile>
    <ClCompile Include="src\Stimpi\Core\EntryPoint.h">
      <Filter>Source Files</Filter>
    </ClCompile>
    <ClCompile Include="src\Stimpi\Core\Application.cpp">
      <Filter>Source Files</Filter>
    </ClCompile>
    <ClCompile Include="src\Stimpi\Log.cpp">
      <Filter>Source Files</Filter>
    </ClCompile>
    <ClCompile Include="src\Stimpi\Core\Layer.cpp">
      <Filter>Source Files</Filter>
    </ClCompile>
    <ClCompile Include="src\Stimpi\Gui\ImGuiLayer.cpp">
      <Filter>Source Files</Filter>
    </ClCompile>
    <ClCompile Include="src\Stimpi\Core\Window.cpp">
      <Filter>Source Files</Filter>
    </ClCompile>
    <ClCompile Include="src\Stimpi\Graphics\OpenGL.cpp">
      <Filter>Source Files</Filter>
    </ClCompile>
    <ClCompile Include="src\Stimpi\Core\Event.cpp">
      <Filter>Source Files</Filter>
    </ClCompile>
    <ClCompile Include="src\Stimpi\Graphics\Shader.cpp">
      <Filter>Source Files</Filter>
    </ClCompile>
  </ItemGroup>
  <ItemGroup>
    <ClInclude Include="src\Stimpi\Core\Engine.h">
      <Filter>Source Files</Filter>
    </ClInclude>
    <ClInclude Include="src\Stimpi\Core\Core.h">
      <Filter>Source Files</Filter>
    </ClInclude>
    <ClInclude Include="src\Stimpi\Core\Application.h" />
    <ClInclude Include="src\Stimpi.h" />
    <ClInclude Include="src\Stimpi\Log.h" />
    <ClInclude Include="src\Stimpi\Core\Layer.h" />
    <ClInclude Include="src\Stimpi\Core\Event.h" />
    <ClInclude Include="src\Stimpi\GUI\ImGuiLayer.h" />
    <ClInclude Include="src\Stimpi\Core\Window.h" />
    <ClInclude Include="src\Stimpi\Graphics\OpenGL.h" />
    <ClInclude Include="src\Stimpi\Graphics\Shader.h" />
  </ItemGroup>
  <ItemGroup>
    <None Include="shader.shader" />
  </ItemGroup>
</Project>